
Microsoft Visual Studio Solution File, Format Version 12.00
# Visual Studio Version 17
VisualStudioVersion = 17.3.32929.385
MinimumVisualStudioVersion = 10.0.40219.1
Project("{FAE04EC0-301F-11D3-BF4B-00C04F79EFBC}") = "ClockPuncher.Console", "src\ClockPuncher.Console\ClockPuncher.Console.csproj", "{8348D19B-0863-44F3-8CFF-65D202B00C22}"
EndProject
Project("{FAE04EC0-301F-11D3-BF4B-00C04F79EFBC}") = "ClockPuncher.Application", "src\ClockPuncher.Application\ClockPuncher.Application.csproj", "{1D79DEAD-327F-4D68-B47B-8E2FBAD22698}"
EndProject
Project("{FAE04EC0-301F-11D3-BF4B-00C04F79EFBC}") = "ClockPuncher.Domain", "src\ClockPuncher.Domain\ClockPuncher.Domain.csproj", "{CA2F8D4B-0B7F-4E6F-A79A-612AA86DC004}"
EndProject
Global
	GlobalSection(SolutionConfigurationPlatforms) = preSolution
		Debug|Any CPU = Debug|Any CPU
		Release|Any CPU = Release|Any CPU
	EndGlobalSection
	GlobalSection(ProjectConfigurationPlatforms) = postSolution
		{8348D19B-0863-44F3-8CFF-65D202B00C22}.Debug|Any CPU.ActiveCfg = Debug|Any CPU
		{8348D19B-0863-44F3-8CFF-65D202B00C22}.Debug|Any CPU.Build.0 = Debug|Any CPU
		{8348D19B-0863-44F3-8CFF-65D202B00C22}.Release|Any CPU.ActiveCfg = Release|Any CPU
		{8348D19B-0863-44F3-8CFF-65D202B00C22}.Release|Any CPU.Build.0 = Release|Any CPU
		{1D79DEAD-327F-4D68-B47B-8E2FBAD22698}.Debug|Any CPU.ActiveCfg = Debug|Any CPU
		{1D79DEAD-327F-4D68-B47B-8E2FBAD22698}.Debug|Any CPU.Build.0 = Debug|Any CPU
		{1D79DEAD-327F-4D68-B47B-8E2FBAD22698}.Release|Any CPU.ActiveCfg = Release|Any CPU
		{1D79DEAD-327F-4D68-B47B-8E2FBAD22698}.Release|Any CPU.Build.0 = Release|Any CPU
		{CA2F8D4B-0B7F-4E6F-A79A-612AA86DC004}.Debug|Any CPU.ActiveCfg = Debug|Any CPU
		{CA2F8D4B-0B7F-4E6F-A79A-612AA86DC004}.Debug|Any CPU.Build.0 = Debug|Any CPU
		{CA2F8D4B-0B7F-4E6F-A79A-612AA86DC004}.Release|Any CPU.ActiveCfg = Release|Any CPU
		{CA2F8D4B-0B7F-4E6F-A79A-612AA86DC004}.Release|Any CPU.Build.0 = Release|Any CPU
	EndGlobalSection
	GlobalSection(SolutionProperties) = preSolution
		HideSolutionNode = FALSE
	EndGlobalSection
	GlobalSection(ExtensibilityGlobals) = postSolution
		SolutionGuid = {7E4523D8-EAEF-47AB-8480-00B65E0BF092}
	EndGlobalSection
EndGlobal
